{
  "version": 4,
  "terraform_version": "1.4.4",
  "serial": 31,
  "lineage": "abbe624d-3947-30ac-cd0b-c009ec066a25",
  "outputs": {},
  "resources": [
    {
      "mode": "managed",
      "type": "yandex_compute_instance_group",
      "name": "mygroup",
      "provider": "provider[\"registry.terraform.io/yandex-cloud/yandex\"]",
      "instances": [
        {
          "schema_version": 0,
          "attributes": {
            "allocation_policy": [
              {
                "zones": [
                  "ru-central1-a"
                ]
              }
            ],
            "application_load_balancer": [],
            "created_at": "2023-04-06T13:13:39Z",
            "deletion_protection": true,
            "deploy_policy": [
              {
                "max_creating": 10,
                "max_deleting": 0,
                "max_expansion": 2,
                "max_unavailable": 0,
                "startup_duration": 0,
                "strategy": "proactive"
              }
            ],
            "description": "",
            "folder_id": "b1g36tkee54c3so0d7r7",
            "health_check": [],
            "id": "cl1ce13ghlc6a2auhfom",
            "instance_template": [
              {
                "boot_disk": [
                  {
                    "device_name": "",
                    "disk_id": "",
                    "initialize_params": [
                      {
                        "description": "",
                        "image_id": "fd89jk9j9vifp28uprop",
                        "size": 5,
                        "snapshot_id": "",
                        "type": "network-hdd"
                      }
                    ],
                    "mode": "READ_WRITE"
                  }
                ],
                "description": "",
                "hostname": "",
                "labels": {
                  "label1": "label1-value",
                  "label2": "label2-value"
                },
                "metadata": {
                  "ssh-keys": "ubuntu:ssh-rsa AAAAB3NzaC1yc2EAAAADAQABAAABgQDDKy7Sr0lzghnUt/l14oVNoe4zbx5ECiEtc+2DncycRNcsSHoDn1PlxGZ+ZWsFENB2gCOHYv57BhpeBx74whFKACTsnbhqubbz4dYxr4/5u+TG3y6XxTmfpIIbnWkmwm+L626u1puLv6WJmwuqVaRUlN5CKSNJqK/ZOTL76pcYqR1fLRN+cvopjaFmuw+dJGCGckvvOARrE+tOj8q5whTek9J4muN3N9NLJBMas9PmHRE1yyTuYZBLGZZn5lr9PegWzHktEmWot7vt0h4Z18KabE8us80CT96cfIsRtCLHDCJvLqgVyXzuz5S/fYu7PsKPN2/mPbT3pTIP9RSQRnXjMi1226gOaU1gk6y4l0viM8oL0fihVJwJ4v9MMlGwycQB2sLtksdzqqwGtQoouh21+e+bzdU/1C9ygyduDKEa6IXYwCj/1j/BlY1BWJwZOiuOAm0q1NWtuG2el+EmtepZXmyXnEH2PozzBhft6De8AQUcMeWbg1gxg2dx5vpRWEc= root@Ubuntu1\n"
                },
                "name": "",
                "network_interface": [
                  {
                    "dns_record": [],
                    "ip_address": "",
                    "ipv4": true,
                    "ipv6": false,
                    "ipv6_address": "",
                    "ipv6_dns_record": [],
                    "nat": false,
                    "nat_dns_record": [],
                    "nat_ip_address": "",
                    "network_id": "enpb3hviaphdbo346kl6",
                    "security_group_ids": [],
                    "subnet_ids": [
                      "e9blp17hfihcdsfkniuj"
                    ]
                  }
                ],
                "network_settings": [
                  {
                    "type": "STANDARD"
                  }
                ],
                "placement_policy": [],
                "platform_id": "standard-v1",
                "resources": [
                  {
                    "core_fraction": 100,
                    "cores": 2,
                    "gpus": 0,
                    "memory": 2
                  }
                ],
                "scheduling_policy": [
                  {
                    "preemptible": false
                  }
                ],
                "secondary_disk": [],
                "service_account_id": ""
              }
            ],
            "instances": [
              {
                "fqdn": "cl1ce13ghlc6a2auhfom-itup.ru-central1.internal",
                "instance_id": "fhmnn7gm5p4ifmo53t1e",
                "name": "cl1ce13ghlc6a2auhfom-itup",
                "network_interface": [
                  {
                    "index": 0,
                    "ip_address": "192.168.0.25",
                    "ipv4": true,
                    "ipv6": false,
                    "ipv6_address": "",
                    "mac_address": "d0:0d:17:b9:e1:62",
                    "nat": false,
                    "nat_ip_address": "",
                    "nat_ip_version": "",
                    "subnet_id": "e9blp17hfihcdsfkniuj"
                  }
                ],
                "status": "RUNNING_ACTUAL",
                "status_changed_at": "2023-04-06T13:14:20Z",
                "status_message": "",
                "zone_id": "ru-central1-a"
              },
              {
                "fqdn": "cl1ce13ghlc6a2auhfom-ykof.ru-central1.internal",
                "instance_id": "fhmqhq34ubgljc1u9q4u",
                "name": "cl1ce13ghlc6a2auhfom-ykof",
                "network_interface": [
                  {
                    "index": 0,
                    "ip_address": "192.168.0.26",
                    "ipv4": true,
                    "ipv6": false,
                    "ipv6_address": "",
                    "mac_address": "d0:0d:1a:8e:86:4f",
                    "nat": false,
                    "nat_ip_address": "",
                    "nat_ip_version": "",
                    "subnet_id": "e9blp17hfihcdsfkniuj"
                  }
                ],
                "status": "RUNNING_ACTUAL",
                "status_changed_at": "2023-04-06T13:14:19Z",
                "status_message": "",
                "zone_id": "ru-central1-a"
              },
              {
                "fqdn": "cl1ce13ghlc6a2auhfom-upuz.ru-central1.internal",
                "instance_id": "fhmu4i2nrb84jl6rnm2s",
                "name": "cl1ce13ghlc6a2auhfom-upuz",
                "network_interface": [
                  {
                    "index": 0,
                    "ip_address": "192.168.0.19",
                    "ipv4": true,
                    "ipv6": false,
                    "ipv6_address": "",
                    "mac_address": "d0:0d:1e:24:85:7d",
                    "nat": false,
                    "nat_ip_address": "",
                    "nat_ip_version": "",
                    "subnet_id": "e9blp17hfihcdsfkniuj"
                  }
                ],
                "status": "RUNNING_ACTUAL",
                "status_changed_at": "2023-04-06T13:14:45Z",
                "status_message": "",
                "zone_id": "ru-central1-a"
              },
              {
                "fqdn": "cl1ce13ghlc6a2auhfom-ipag.ru-central1.internal",
                "instance_id": "fhm3dm3s3m2ku875pgpp",
                "name": "cl1ce13ghlc6a2auhfom-ipag",
                "network_interface": [
                  {
                    "index": 0,
                    "ip_address": "192.168.0.13",
                    "ipv4": true,
                    "ipv6": false,
                    "ipv6_address": "",
                    "mac_address": "d0:0d:36:d8:7c:1d",
                    "nat": false,
                    "nat_ip_address": "",
                    "nat_ip_version": "",
                    "subnet_id": "e9blp17hfihcdsfkniuj"
                  }
                ],
                "status": "RUNNING_ACTUAL",
                "status_changed_at": "2023-04-06T13:14:21Z",
                "status_message": "",
                "zone_id": "ru-central1-a"
              },
              {
                "fqdn": "cl1ce13ghlc6a2auhfom-yrex.ru-central1.internal",
                "instance_id": "fhms5d99hfeeapm04bln",
                "name": "cl1ce13ghlc6a2auhfom-yrex",
                "network_interface": [
                  {
                    "index": 0,
                    "ip_address": "192.168.0.3",
                    "ipv4": true,
                    "ipv6": false,
                    "ipv6_address": "",
                    "mac_address": "d0:0d:1c:2b:52:98",
                    "nat": false,
                    "nat_ip_address": "",
                    "nat_ip_version": "",
                    "subnet_id": "e9blp17hfihcdsfkniuj"
                  }
                ],
                "status": "RUNNING_ACTUAL",
                "status_changed_at": "2023-04-06T13:14:26Z",
                "status_message": "",
                "zone_id": "ru-central1-a"
              },
              {
                "fqdn": "cl1ce13ghlc6a2auhfom-ifez.ru-central1.internal",
                "instance_id": "fhmfo5cpcksfv5omt349",
                "name": "cl1ce13ghlc6a2auhfom-ifez",
                "network_interface": [
                  {
                    "index": 0,
                    "ip_address": "192.168.0.32",
                    "ipv4": true,
                    "ipv6": false,
                    "ipv6_address": "",
                    "mac_address": "d0:0d:fc:15:99:65",
                    "nat": false,
                    "nat_ip_address": "",
                    "nat_ip_version": "",
                    "subnet_id": "e9blp17hfihcdsfkniuj"
                  }
                ],
                "status": "RUNNING_ACTUAL",
                "status_changed_at": "2023-04-06T13:14:54Z",
                "status_message": "",
                "zone_id": "ru-central1-a"
              },
              {
                "fqdn": "cl1ce13ghlc6a2auhfom-awyg.ru-central1.internal",
                "instance_id": "fhm39qu1pn2lngib64n6",
                "name": "cl1ce13ghlc6a2auhfom-awyg",
                "network_interface": [
                  {
                    "index": 0,
                    "ip_address": "192.168.0.9",
                    "ipv4": true,
                    "ipv6": false,
                    "ipv6_address": "",
                    "mac_address": "d0:0d:34:eb:c1:cd",
                    "nat": false,
                    "nat_ip_address": "",
                    "nat_ip_version": "",
                    "subnet_id": "e9blp17hfihcdsfkniuj"
                  }
                ],
                "status": "RUNNING_ACTUAL",
                "status_changed_at": "2023-04-06T13:14:25Z",
                "status_message": "",
                "zone_id": "ru-central1-a"
              },
              {
                "fqdn": "cl1ce13ghlc6a2auhfom-uhod.ru-central1.internal",
                "instance_id": "fhm06n52ia3o7qlk98te",
                "name": "cl1ce13ghlc6a2auhfom-uhod",
                "network_interface": [
                  {
                    "index": 0,
                    "ip_address": "192.168.0.6",
                    "ipv4": true,
                    "ipv6": false,
                    "ipv6_address": "",
                    "mac_address": "d0:0d:35:ca:29:28",
                    "nat": false,
                    "nat_ip_address": "",
                    "nat_ip_version": "",
                    "subnet_id": "e9blp17hfihcdsfkniuj"
                  }
                ],
                "status": "RUNNING_ACTUAL",
                "status_changed_at": "2023-04-06T13:14:20Z",
                "status_message": "",
                "zone_id": "ru-central1-a"
              },
              {
                "fqdn": "cl1ce13ghlc6a2auhfom-ytoz.ru-central1.internal",
                "instance_id": "fhmd5d5kv79jon4p1ohg",
                "name": "cl1ce13ghlc6a2auhfom-ytoz",
                "network_interface": [
                  {
                    "index": 0,
                    "ip_address": "192.168.0.8",
                    "ipv4": true,
                    "ipv6": false,
                    "ipv6_address": "",
                    "mac_address": "d0:0d:d2:b4:b4:f9",
                    "nat": false,
                    "nat_ip_address": "",
                    "nat_ip_version": "",
                    "subnet_id": "e9blp17hfihcdsfkniuj"
                  }
                ],
                "status": "RUNNING_ACTUAL",
                "status_changed_at": "2023-04-06T13:14:25Z",
                "status_message": "",
                "zone_id": "ru-central1-a"
              },
              {
                "fqdn": "cl1ce13ghlc6a2auhfom-ykef.ru-central1.internal",
                "instance_id": "fhmhsfekt2be4nb6ik40",
                "name": "cl1ce13ghlc6a2auhfom-ykef",
                "network_interface": [
                  {
                    "index": 0,
                    "ip_address": "192.168.0.10",
                    "ipv4": true,
                    "ipv6": false,
                    "ipv6_address": "",
                    "mac_address": "d0:0d:11:e3:dd:4e",
                    "nat": false,
                    "nat_ip_address": "",
                    "nat_ip_version": "",
                    "subnet_id": "e9blp17hfihcdsfkniuj"
                  }
                ],
                "status": "RUNNING_ACTUAL",
                "status_changed_at": "2023-04-06T13:14:18Z",
                "status_message": "",
                "zone_id": "ru-central1-a"
              }
            ],
            "labels": {},
            "load_balancer": [],
            "max_checking_health_duration": null,
            "name": "test-ig",
            "scale_policy": [
              {
                "auto_scale": [],
                "fixed_scale": [
                  {
                    "size": 10
                  }
                ],
                "test_auto_scale": []
              }
            ],
            "service_account_id": "ajeh4fgcg9na46evbk9e",
            "status": "ACTIVE",
            "timeouts": null,
            "variables": {}
          },
          "sensitive_attributes": [],
          "private": "eyJlMmJmYjczMC1lY2FhLTExZTYtOGY4OC0zNDM2M2JjN2M0YzAiOnsiY3JlYXRlIjoxODAwMDAwMDAwMDAwLCJkZWxldGUiOjE4MDAwMDAwMDAwMDAsInVwZGF0ZSI6MTgwMDAwMDAwMDAwMH19",
          "dependencies": [
            "yandex_vpc_network.network",
            "yandex_vpc_subnet.subnet"
          ]
        }
      ]
    },
    {
      "mode": "managed",
      "type": "yandex_vpc_network",
      "name": "network",
      "provider": "provider[\"registry.terraform.io/yandex-cloud/yandex\"]",
      "instances": [
        {
          "schema_version": 0,
          "attributes": {
            "created_at": "2023-04-06T13:13:36Z",
            "default_security_group_id": "",
            "description": "",
            "folder_id": "b1g36tkee54c3so0d7r7",
            "id": "enpb3hviaphdbo346kl6",
            "labels": {},
            "name": "my-network",
            "subnet_ids": [
              "e9blp17hfihcdsfkniuj"
            ],
            "timeouts": null
          },
          "sensitive_attributes": [],
          "private": "eyJlMmJmYjczMC1lY2FhLTExZTYtOGY4OC0zNDM2M2JjN2M0YzAiOnsiY3JlYXRlIjo2MDAwMDAwMDAwMCwiZGVsZXRlIjo2MDAwMDAwMDAwMCwidXBkYXRlIjo2MDAwMDAwMDAwMH19"
        }
      ]
    },
    {
      "mode": "managed",
      "type": "yandex_vpc_subnet",
      "name": "subnet",
      "provider": "provider[\"registry.terraform.io/yandex-cloud/yandex\"]",
      "instances": [
        {
          "schema_version": 0,
          "attributes": {
            "created_at": "2023-04-06T13:13:36Z",
            "description": "",
            "dhcp_options": [],
            "folder_id": "b1g36tkee54c3so0d7r7",
            "id": "e9blp17hfihcdsfkniuj",
            "labels": {},
            "name": "mu-subnet",
            "network_id": "enpb3hviaphdbo346kl6",
            "route_table_id": "",
            "timeouts": null,
            "v4_cidr_blocks": [
              "192.168.0.0/24"
            ],
            "v6_cidr_blocks": [],
            "zone": "ru-central1-a"
          },
          "sensitive_attributes": [],
          "private": "eyJlMmJmYjczMC1lY2FhLTExZTYtOGY4OC0zNDM2M2JjN2M0YzAiOnsiY3JlYXRlIjoxODAwMDAwMDAwMDAsImRlbGV0ZSI6MTgwMDAwMDAwMDAwLCJ1cGRhdGUiOjE4MDAwMDAwMDAwMH19",
          "dependencies": [
            "yandex_vpc_network.network"
          ]
        }
      ]
    }
  ],
  "check_results": null
}
