{
  "version": 4,
  "terraform_version": "1.4.4",
  "serial": 7,
  "lineage": "abbe624d-3947-30ac-cd0b-c009ec066a25",
  "outputs": {},
  "resources": [
    {
      "mode": "managed",
      "type": "yandex_compute_instance",
      "name": "trubeko",
      "provider": "provider[\"registry.terraform.io/yandex-cloud/yandex\"]",
      "instances": [
        {
          "status": "tainted",
          "schema_version": 1,
          "attributes": {
            "allow_recreate": null,
            "allow_stopping_for_update": null,
            "boot_disk": [
              {
                "auto_delete": true,
                "device_name": "",
                "disk_id": "",
                "initialize_params": [
                  {
                    "block_size": 0,
                    "description": "",
                    "image_id": "fd89jk9j9vifp28uprop",
                    "name": "",
                    "size": 0,
                    "snapshot_id": "",
                    "type": "network-hdd"
                  }
                ],
                "mode": ""
              }
            ],
            "created_at": null,
            "description": null,
            "filesystem": [],
            "folder_id": null,
            "fqdn": null,
            "gpu_cluster_id": null,
            "hostname": null,
            "id": "fhm5u8vb52vuh53ss9uj",
            "labels": null,
            "local_disk": [],
            "metadata": {
              "ssh-keys": "ubuntu:ssh-rsa AAAAB3NzaC1yc2EAAAADAQABAAABgQDDKy7Sr0lzghnUt/l14oVNoe4zbx5ECiEtc+2DncycRNcsSHoDn1PlxGZ+ZWsFENB2gCOHYv57BhpeBx74whFKACTsnbhqubbz4dYxr4/5u+TG3y6XxTmfpIIbnWkmwm+L626u1puLv6WJmwuqVaRUlN5CKSNJqK/ZOTL76pcYqR1fLRN+cvopjaFmuw+dJGCGckvvOARrE+tOj8q5whTek9J4muN3N9NLJBMas9PmHRE1yyTuYZBLGZZn5lr9PegWzHktEmWot7vt0h4Z18KabE8us80CT96cfIsRtCLHDCJvLqgVyXzuz5S/fYu7PsKPN2/mPbT3pTIP9RSQRnXjMi1226gOaU1gk6y4l0viM8oL0fihVJwJ4v9MMlGwycQB2sLtksdzqqwGtQoouh21+e+bzdU/1C9ygyduDKEa6IXYwCj/1j/BlY1BWJwZOiuOAm0q1NWtuG2el+EmtepZXmyXnEH2PozzBhft6De8AQUcMeWbg1gxg2dx5vpRWEc= root@Ubuntu1\n"
            },
            "metadata_options": null,
            "name": "test",
            "network_acceleration_type": "standard",
            "network_interface": [
              {
                "dns_record": [],
                "index": 0,
                "ip_address": "",
                "ipv4": true,
                "ipv6": false,
                "ipv6_address": "",
                "ipv6_dns_record": [],
                "mac_address": "",
                "nat": false,
                "nat_dns_record": [],
                "nat_ip_address": "",
                "nat_ip_version": "",
                "security_group_ids": [],
                "subnet_id": "e9bc8k5gmmh69sltc0sn"
              }
            ],
            "placement_policy": null,
            "platform_id": "standard-v1",
            "resources": [
              {
                "core_fraction": 100,
                "cores": 2,
                "gpus": 0,
                "memory": 2
              }
            ],
            "scheduling_policy": null,
            "secondary_disk": [],
            "service_account_id": null,
            "status": null,
            "timeouts": null,
            "zone": "ru-central1-a"
          },
          "sensitive_attributes": [],
          "private": "eyJlMmJmYjczMC1lY2FhLTExZTYtOGY4OC0zNDM2M2JjN2M0YzAiOnsiY3JlYXRlIjozMDAwMDAwMDAwMDAsImRlbGV0ZSI6MzAwMDAwMDAwMDAwLCJ1cGRhdGUiOjMwMDAwMDAwMDAwMH0sInNjaGVtYV92ZXJzaW9uIjoiMSJ9",
          "dependencies": [
            "yandex_vpc_subnet.subnet-wu"
          ]
        }
      ]
    },
    {
      "mode": "managed",
      "type": "yandex_vpc_network",
      "name": "test-lan",
      "provider": "provider[\"registry.terraform.io/yandex-cloud/yandex\"]",
      "instances": [
        {
          "schema_version": 0,
          "attributes": {
            "created_at": "2023-04-05T16:04:00Z",
            "default_security_group_id": "",
            "description": "",
            "folder_id": "b1g36tkee54c3so0d7r7",
            "id": "enpnp2rsmlkt9dhi219j",
            "labels": {},
            "name": "test-wu",
            "subnet_ids": [
              "e9bc8k5gmmh69sltc0sn"
            ],
            "timeouts": null
          },
          "sensitive_attributes": [],
          "private": "eyJlMmJmYjczMC1lY2FhLTExZTYtOGY4OC0zNDM2M2JjN2M0YzAiOnsiY3JlYXRlIjo2MDAwMDAwMDAwMCwiZGVsZXRlIjo2MDAwMDAwMDAwMCwidXBkYXRlIjo2MDAwMDAwMDAwMH19"
        }
      ]
    },
    {
      "mode": "managed",
      "type": "yandex_vpc_subnet",
      "name": "subnet-wu",
      "provider": "provider[\"registry.terraform.io/yandex-cloud/yandex\"]",
      "instances": [
        {
          "schema_version": 0,
          "attributes": {
            "created_at": "2023-04-05T16:10:07Z",
            "description": "",
            "dhcp_options": [],
            "folder_id": "b1g36tkee54c3so0d7r7",
            "id": "e9bc8k5gmmh69sltc0sn",
            "labels": {},
            "name": "",
            "network_id": "enpnp2rsmlkt9dhi219j",
            "route_table_id": "",
            "timeouts": null,
            "v4_cidr_blocks": [
              "192.168.0.0/24"
            ],
            "v6_cidr_blocks": [],
            "zone": "ru-central1-a"
          },
          "sensitive_attributes": [],
          "private": "eyJlMmJmYjczMC1lY2FhLTExZTYtOGY4OC0zNDM2M2JjN2M0YzAiOnsiY3JlYXRlIjoxODAwMDAwMDAwMDAsImRlbGV0ZSI6MTgwMDAwMDAwMDAwLCJ1cGRhdGUiOjE4MDAwMDAwMDAwMH19",
          "dependencies": [
            "yandex_vpc_network.test-lan"
          ]
        }
      ]
    }
  ],
  "check_results": null
}
