{
  "version": 4,
  "terraform_version": "1.4.4",
  "serial": 5,
  "lineage": "abbe624d-3947-30ac-cd0b-c009ec066a25",
  "outputs": {},
  "resources": [
    {
      "mode": "managed",
      "type": "yandex_vpc_network",
      "name": "test-lan",
      "provider": "provider[\"registry.terraform.io/yandex-cloud/yandex\"]",
      "instances": [
        {
          "schema_version": 0,
          "attributes": {
            "created_at": "2023-04-05T16:04:00Z",
            "default_security_group_id": "",
            "description": "",
            "folder_id": "b1g36tkee54c3so0d7r7",
            "id": "enpnp2rsmlkt9dhi219j",
            "labels": {},
            "name": "test-wu",
            "subnet_ids": [
              "e9bc8k5gmmh69sltc0sn"
            ],
            "timeouts": null
          },
          "sensitive_attributes": [],
          "private": "eyJlMmJmYjczMC1lY2FhLTExZTYtOGY4OC0zNDM2M2JjN2M0YzAiOnsiY3JlYXRlIjo2MDAwMDAwMDAwMCwiZGVsZXRlIjo2MDAwMDAwMDAwMCwidXBkYXRlIjo2MDAwMDAwMDAwMH19"
        }
      ]
    },
    {
      "mode": "managed",
      "type": "yandex_vpc_subnet",
      "name": "subnet-wu",
      "provider": "provider[\"registry.terraform.io/yandex-cloud/yandex\"]",
      "instances": [
        {
          "schema_version": 0,
          "attributes": {
            "created_at": "2023-04-05T16:10:07Z",
            "description": "",
            "dhcp_options": [],
            "folder_id": "b1g36tkee54c3so0d7r7",
            "id": "e9bc8k5gmmh69sltc0sn",
            "labels": {},
            "name": "",
            "network_id": "enpnp2rsmlkt9dhi219j",
            "route_table_id": "",
            "timeouts": null,
            "v4_cidr_blocks": [
              "192.168.0.0/24"
            ],
            "v6_cidr_blocks": [],
            "zone": "ru-central1-a"
          },
          "sensitive_attributes": [],
          "private": "eyJlMmJmYjczMC1lY2FhLTExZTYtOGY4OC0zNDM2M2JjN2M0YzAiOnsiY3JlYXRlIjoxODAwMDAwMDAwMDAsImRlbGV0ZSI6MTgwMDAwMDAwMDAwLCJ1cGRhdGUiOjE4MDAwMDAwMDAwMH19",
          "dependencies": [
            "yandex_vpc_network.test-lan"
          ]
        }
      ]
    }
  ],
  "check_results": null
}
